// !$*UTF8*$!
{
	archiveVersion = 1;
	classes = {
	};
	objectVersion = 46;
	objects = {

/* Begin PBXBuildFile section */
		2F0B0D5A8C4CAFFE1946C08A /* Pods_sataSwiftUITests.framework in Frameworks */ = {isa = PBXBuildFile; fileRef = BB696C49A593BC16D4369012 /* Pods_sataSwiftUITests.framework */; };
		36A31EEE6F5AD231D595D2F7 /* Pods_sataSwift.framework in Frameworks */ = {isa = PBXBuildFile; fileRef = 025E440455F26659FBF83CEE /* Pods_sataSwift.framework */; };
		767BD7E1C49BEB919C88ABA1 /* Pods_sataSwiftTests.framework in Frameworks */ = {isa = PBXBuildFile; fileRef = 2B4BD7AB55315A78EC4684BD /* Pods_sataSwiftTests.framework */; };
		A32977831D537982000B8104 /* AppDelegate.swift in Sources */ = {isa = PBXBuildFile; fileRef = A32977821D537982000B8104 /* AppDelegate.swift */; };
		A32977851D537982000B8104 /* ViewController.swift in Sources */ = {isa = PBXBuildFile; fileRef = A32977841D537982000B8104 /* ViewController.swift */; };
		A32977881D537982000B8104 /* Main.storyboard in Resources */ = {isa = PBXBuildFile; fileRef = A32977861D537982000B8104 /* Main.storyboard */; };
		A329778A1D537982000B8104 /* Assets.xcassets in Resources */ = {isa = PBXBuildFile; fileRef = A32977891D537982000B8104 /* Assets.xcassets */; };
		A329778D1D537982000B8104 /* LaunchScreen.storyboard in Resources */ = {isa = PBXBuildFile; fileRef = A329778B1D537982000B8104 /* LaunchScreen.storyboard */; };
		A32977981D537982000B8104 /* sataSwiftTests.swift in Sources */ = {isa = PBXBuildFile; fileRef = A32977971D537982000B8104 /* sataSwiftTests.swift */; };
		A32977A31D537982000B8104 /* sataSwiftUITests.swift in Sources */ = {isa = PBXBuildFile; fileRef = A32977A21D537982000B8104 /* sataSwiftUITests.swift */; };
		A37F5FF51D54CEBC00433435 /* MyCollectionViewCell.swift in Sources */ = {isa = PBXBuildFile; fileRef = A37F5FF41D54CEBC00433435 /* MyCollectionViewCell.swift */; };
		A3983B191DC765D70079B01F /* loginViewController.swift in Sources */ = {isa = PBXBuildFile; fileRef = A3983B171DC765D70079B01F /* loginViewController.swift */; };
		A3983B1A1DC765D70079B01F /* loginViewController.xib in Resources */ = {isa = PBXBuildFile; fileRef = A3983B181DC765D70079B01F /* loginViewController.xib */; };
		A3AB2B181D61ED9600C3E443 /* showPostDetialsTableViewController.swift in Sources */ = {isa = PBXBuildFile; fileRef = A3AB2B171D61ED9600C3E443 /* showPostDetialsTableViewController.swift */; };
		A3AB2B1A1D6333D500C3E443 /* ImageGalleryView.swift in Sources */ = {isa = PBXBuildFile; fileRef = A3AB2B191D6333D500C3E443 /* ImageGalleryView.swift */; };
		A3BCB71F1DCB3BE7004004B4 /* profileViewController.swift in Sources */ = {isa = PBXBuildFile; fileRef = A3BCB71D1DCB3BE7004004B4 /* profileViewController.swift */; };
		A3BCB7201DCB3BE7004004B4 /* profileViewController.xib in Resources */ = {isa = PBXBuildFile; fileRef = A3BCB71E1DCB3BE7004004B4 /* profileViewController.xib */; };
		A3DB76671D55C634000B01D8 /* sataPost.swift in Sources */ = {isa = PBXBuildFile; fileRef = A3DB76661D55C634000B01D8 /* sataPost.swift */; };
		A3DB76691D574349000B01D8 /* createPostViewController.swift in Sources */ = {isa = PBXBuildFile; fileRef = A3DB76681D574349000B01D8 /* createPostViewController.swift */; };
		A3DB766B1D57446D000B01D8 /* showListOFPostsTableViewController.swift in Sources */ = {isa = PBXBuildFile; fileRef = A3DB766A1D57446D000B01D8 /* showListOFPostsTableViewController.swift */; };
/* End PBXBuildFile section */

/* Begin PBXContainerItemProxy section */
		A32977941D537982000B8104 /* PBXContainerItemProxy */ = {
			isa = PBXContainerItemProxy;
			containerPortal = A32977771D537981000B8104 /* Project object */;
			proxyType = 1;
			remoteGlobalIDString = A329777E1D537981000B8104;
			remoteInfo = sataSwift;
		};
		A329779F1D537982000B8104 /* PBXContainerItemProxy */ = {
			isa = PBXContainerItemProxy;
			containerPortal = A32977771D537981000B8104 /* Project object */;
			proxyType = 1;
			remoteGlobalIDString = A329777E1D537981000B8104;
			remoteInfo = sataSwift;
		};
/* End PBXContainerItemProxy section */

/* Begin PBXFileReference section */
		025E440455F26659FBF83CEE /* Pods_sataSwift.framework */ = {isa = PBXFileReference; explicitFileType = wrapper.framework; includeInIndex = 0; path = Pods_sataSwift.framework; sourceTree = BUILT_PRODUCTS_DIR; };
		2B4BD7AB55315A78EC4684BD /* Pods_sataSwiftTests.framework */ = {isa = PBXFileReference; explicitFileType = wrapper.framework; includeInIndex = 0; path = Pods_sataSwiftTests.framework; sourceTree = BUILT_PRODUCTS_DIR; };
		67D5E20577E943A3E4E27141 /* Pods-sataSwiftTests.release.xcconfig */ = {isa = PBXFileReference; includeInIndex = 1; lastKnownFileType = text.xcconfig; name = "Pods-sataSwiftTests.release.xcconfig"; path = "Pods/Target Support Files/Pods-sataSwiftTests/Pods-sataSwiftTests.release.xcconfig"; sourceTree = "<group>"; };
		6EDFBE417EB05713B1AFF0F5 /* Pods-sataSwiftUITests.debug.xcconfig */ = {isa = PBXFileReference; includeInIndex = 1; lastKnownFileType = text.xcconfig; name = "Pods-sataSwiftUITests.debug.xcconfig"; path = "Pods/Target Support Files/Pods-sataSwiftUITests/Pods-sataSwiftUITests.debug.xcconfig"; sourceTree = "<group>"; };
		778A425A352F33D3FCD0CFB0 /* Pods-sataSwiftUITests.release.xcconfig */ = {isa = PBXFileReference; includeInIndex = 1; lastKnownFileType = text.xcconfig; name = "Pods-sataSwiftUITests.release.xcconfig"; path = "Pods/Target Support Files/Pods-sataSwiftUITests/Pods-sataSwiftUITests.release.xcconfig"; sourceTree = "<group>"; };
		97457AA1A60E4DCE6EB5B2B1 /* Pods-sataSwift.release.xcconfig */ = {isa = PBXFileReference; includeInIndex = 1; lastKnownFileType = text.xcconfig; name = "Pods-sataSwift.release.xcconfig"; path = "Pods/Target Support Files/Pods-sataSwift/Pods-sataSwift.release.xcconfig"; sourceTree = "<group>"; };
		A047C1400689A41D585B24B9 /* Pods-sataSwiftTests.debug.xcconfig */ = {isa = PBXFileReference; includeInIndex = 1; lastKnownFileType = text.xcconfig; name = "Pods-sataSwiftTests.debug.xcconfig"; path = "Pods/Target Support Files/Pods-sataSwiftTests/Pods-sataSwiftTests.debug.xcconfig"; sourceTree = "<group>"; };
		A329777F1D537981000B8104 /* sataSwift.app */ = {isa = PBXFileReference; explicitFileType = wrapper.application; includeInIndex = 0; path = sataSwift.app; sourceTree = BUILT_PRODUCTS_DIR; };
		A32977821D537982000B8104 /* AppDelegate.swift */ = {isa = PBXFileReference; lastKnownFileType = sourcecode.swift; path = AppDelegate.swift; sourceTree = "<group>"; };
		A32977841D537982000B8104 /* ViewController.swift */ = {isa = PBXFileReference; lastKnownFileType = sourcecode.swift; path = ViewController.swift; sourceTree = "<group>"; };
		A32977871D537982000B8104 /* Base */ = {isa = PBXFileReference; lastKnownFileType = file.storyboard; name = Base; path = Base.lproj/Main.storyboard; sourceTree = "<group>"; };
		A32977891D537982000B8104 /* Assets.xcassets */ = {isa = PBXFileReference; lastKnownFileType = folder.assetcatalog; path = Assets.xcassets; sourceTree = "<group>"; };
		A329778C1D537982000B8104 /* Base */ = {isa = PBXFileReference; lastKnownFileType = file.storyboard; name = Base; path = Base.lproj/LaunchScreen.storyboard; sourceTree = "<group>"; };
		A329778E1D537982000B8104 /* Info.plist */ = {isa = PBXFileReference; lastKnownFileType = text.plist.xml; path = Info.plist; sourceTree = "<group>"; };
		A32977931D537982000B8104 /* sataSwiftTests.xctest */ = {isa = PBXFileReference; explicitFileType = wrapper.cfbundle; includeInIndex = 0; path = sataSwiftTests.xctest; sourceTree = BUILT_PRODUCTS_DIR; };
		A32977971D537982000B8104 /* sataSwiftTests.swift */ = {isa = PBXFileReference; lastKnownFileType = sourcecode.swift; path = sataSwiftTests.swift; sourceTree = "<group>"; };
		A32977991D537982000B8104 /* Info.plist */ = {isa = PBXFileReference; lastKnownFileType = text.plist.xml; path = Info.plist; sourceTree = "<group>"; };
		A329779E1D537982000B8104 /* sataSwiftUITests.xctest */ = {isa = PBXFileReference; explicitFileType = wrapper.cfbundle; includeInIndex = 0; path = sataSwiftUITests.xctest; sourceTree = BUILT_PRODUCTS_DIR; };
		A32977A21D537982000B8104 /* sataSwiftUITests.swift */ = {isa = PBXFileReference; lastKnownFileType = sourcecode.swift; path = sataSwiftUITests.swift; sourceTree = "<group>"; };
		A32977A41D537982000B8104 /* Info.plist */ = {isa = PBXFileReference; lastKnownFileType = text.plist.xml; path = Info.plist; sourceTree = "<group>"; };
		A37F5FF41D54CEBC00433435 /* MyCollectionViewCell.swift */ = {isa = PBXFileReference; fileEncoding = 4; lastKnownFileType = sourcecode.swift; path = MyCollectionViewCell.swift; sourceTree = "<group>"; };
		A3983B171DC765D70079B01F /* loginViewController.swift */ = {isa = PBXFileReference; fileEncoding = 4; lastKnownFileType = sourcecode.swift; path = loginViewController.swift; sourceTree = "<group>"; };
		A3983B181DC765D70079B01F /* loginViewController.xib */ = {isa = PBXFileReference; fileEncoding = 4; lastKnownFileType = file.xib; path = loginViewController.xib; sourceTree = "<group>"; };
		A3AB2B171D61ED9600C3E443 /* showPostDetialsTableViewController.swift */ = {isa = PBXFileReference; fileEncoding = 4; lastKnownFileType = sourcecode.swift; path = showPostDetialsTableViewController.swift; sourceTree = "<group>"; };
		A3AB2B191D6333D500C3E443 /* ImageGalleryView.swift */ = {isa = PBXFileReference; fileEncoding = 4; lastKnownFileType = sourcecode.swift; path = ImageGalleryView.swift; sourceTree = "<group>"; };
		A3BCB71D1DCB3BE7004004B4 /* profileViewController.swift */ = {isa = PBXFileReference; fileEncoding = 4; lastKnownFileType = sourcecode.swift; path = profileViewController.swift; sourceTree = "<group>"; };
		A3BCB71E1DCB3BE7004004B4 /* profileViewController.xib */ = {isa = PBXFileReference; fileEncoding = 4; lastKnownFileType = file.xib; path = profileViewController.xib; sourceTree = "<group>"; };
		A3DB76661D55C634000B01D8 /* sataPost.swift */ = {isa = PBXFileReference; fileEncoding = 4; lastKnownFileType = sourcecode.swift; path = sataPost.swift; sourceTree = "<group>"; };
		A3DB76681D574349000B01D8 /* createPostViewController.swift */ = {isa = PBXFileReference; fileEncoding = 4; lastKnownFileType = sourcecode.swift; path = createPostViewController.swift; sourceTree = "<group>"; };
		A3DB766A1D57446D000B01D8 /* showListOFPostsTableViewController.swift */ = {isa = PBXFileReference; fileEncoding = 4; lastKnownFileType = sourcecode.swift; path = showListOFPostsTableViewController.swift; sourceTree = "<group>"; };
		BB696C49A593BC16D4369012 /* Pods_sataSwiftUITests.framework */ = {isa = PBXFileReference; explicitFileType = wrapper.framework; includeInIndex = 0; path = Pods_sataSwiftUITests.framework; sourceTree = BUILT_PRODUCTS_DIR; };
		DC1682D3283E4F9393378525 /* Pods-sataSwift.debug.xcconfig */ = {isa = PBXFileReference; includeInIndex = 1; lastKnownFileType = text.xcconfig; name = "Pods-sataSwift.debug.xcconfig"; path = "Pods/Target Support Files/Pods-sataSwift/Pods-sataSwift.debug.xcconfig"; sourceTree = "<group>"; };
/* End PBXFileReference section */

/* Begin PBXFrameworksBuildPhase section */
		A329777C1D537981000B8104 /* Frameworks */ = {
			isa = PBXFrameworksBuildPhase;
			buildActionMask = 2147483647;
			files = (
				36A31EEE6F5AD231D595D2F7 /* Pods_sataSwift.framework in Frameworks */,
			);
			runOnlyForDeploymentPostprocessing = 0;
		};
		A32977901D537982000B8104 /* Frameworks */ = {
			isa = PBXFrameworksBuildPhase;
			buildActionMask = 2147483647;
			files = (
				767BD7E1C49BEB919C88ABA1 /* Pods_sataSwiftTests.framework in Frameworks */,
			);
			runOnlyForDeploymentPostprocessing = 0;
		};
		A329779B1D537982000B8104 /* Frameworks */ = {
			isa = PBXFrameworksBuildPhase;
			buildActionMask = 2147483647;
			files = (
				2F0B0D5A8C4CAFFE1946C08A /* Pods_sataSwiftUITests.framework in Frameworks */,
			);
			runOnlyForDeploymentPostprocessing = 0;
		};
/* End PBXFrameworksBuildPhase section */

/* Begin PBXGroup section */
		49F986BC2EE5DFC8DE383559 /* Pods */ = {
			isa = PBXGroup;
			children = (
				DC1682D3283E4F9393378525 /* Pods-sataSwift.debug.xcconfig */,
				97457AA1A60E4DCE6EB5B2B1 /* Pods-sataSwift.release.xcconfig */,
				A047C1400689A41D585B24B9 /* Pods-sataSwiftTests.debug.xcconfig */,
				67D5E20577E943A3E4E27141 /* Pods-sataSwiftTests.release.xcconfig */,
				6EDFBE417EB05713B1AFF0F5 /* Pods-sataSwiftUITests.debug.xcconfig */,
				778A425A352F33D3FCD0CFB0 /* Pods-sataSwiftUITests.release.xcconfig */,
			);
			name = Pods;
			sourceTree = "<group>";
		};
		4E3483C53D5D5D4AF5C0E9EC /* Frameworks */ = {
			isa = PBXGroup;
			children = (
				025E440455F26659FBF83CEE /* Pods_sataSwift.framework */,
				2B4BD7AB55315A78EC4684BD /* Pods_sataSwiftTests.framework */,
				BB696C49A593BC16D4369012 /* Pods_sataSwiftUITests.framework */,
			);
			name = Frameworks;
			sourceTree = "<group>";
		};
		A32977761D537981000B8104 = {
			isa = PBXGroup;
			children = (
				A3BCB71D1DCB3BE7004004B4 /* profileViewController.swift */,
				A3BCB71E1DCB3BE7004004B4 /* profileViewController.xib */,
				A3AB2B191D6333D500C3E443 /* ImageGalleryView.swift */,
				A3AB2B171D61ED9600C3E443 /* showPostDetialsTableViewController.swift */,
				A3DB766A1D57446D000B01D8 /* showListOFPostsTableViewController.swift */,
				A3983B171DC765D70079B01F /* loginViewController.swift */,
				A3983B181DC765D70079B01F /* loginViewController.xib */,
				A3DB76681D574349000B01D8 /* createPostViewController.swift */,
				A3DB76661D55C634000B01D8 /* sataPost.swift */,
				A32977811D537982000B8104 /* sataSwift */,
				A32977961D537982000B8104 /* sataSwiftTests */,
				A32977A11D537982000B8104 /* sataSwiftUITests */,
				A32977801D537982000B8104 /* Products */,
				49F986BC2EE5DFC8DE383559 /* Pods */,
				4E3483C53D5D5D4AF5C0E9EC /* Frameworks */,
			);
			sourceTree = "<group>";
		};
		A32977801D537982000B8104 /* Products */ = {
			isa = PBXGroup;
			children = (
				A329777F1D537981000B8104 /* sataSwift.app */,
				A32977931D537982000B8104 /* sataSwiftTests.xctest */,
				A329779E1D537982000B8104 /* sataSwiftUITests.xctest */,
			);
			name = Products;
			sourceTree = "<group>";
		};
		A32977811D537982000B8104 /* sataSwift */ = {
			isa = PBXGroup;
			children = (
				A32977821D537982000B8104 /* AppDelegate.swift */,
				A32977841D537982000B8104 /* ViewController.swift */,
				A37F5FF41D54CEBC00433435 /* MyCollectionViewCell.swift */,
				A32977861D537982000B8104 /* Main.storyboard */,
				A32977891D537982000B8104 /* Assets.xcassets */,
				A329778B1D537982000B8104 /* LaunchScreen.storyboard */,
				A329778E1D537982000B8104 /* Info.plist */,
			);
			path = sataSwift;
			sourceTree = "<group>";
		};
		A32977961D537982000B8104 /* sataSwiftTests */ = {
			isa = PBXGroup;
			children = (
				A32977971D537982000B8104 /* sataSwiftTests.swift */,
				A32977991D537982000B8104 /* Info.plist */,
			);
			path = sataSwiftTests;
			sourceTree = "<group>";
		};
		A32977A11D537982000B8104 /* sataSwiftUITests */ = {
			isa = PBXGroup;
			children = (
				A32977A21D537982000B8104 /* sataSwiftUITests.swift */,
				A32977A41D537982000B8104 /* Info.plist */,
			);
			path = sataSwiftUITests;
			sourceTree = "<group>";
		};
/* End PBXGroup section */

/* Begin PBXNativeTarget section */
		A329777E1D537981000B8104 /* sataSwift */ = {
			isa = PBXNativeTarget;
			buildConfigurationList = A32977A71D537982000B8104 /* Build configuration list for PBXNativeTarget "sataSwift" */;
			buildPhases = (
				4B1996ED2D48C88C047192B8 /* [CP] Check Pods Manifest.lock */,
				A329777B1D537981000B8104 /* Sources */,
				A329777C1D537981000B8104 /* Frameworks */,
				A329777D1D537981000B8104 /* Resources */,
				BFB7D51831949F8558B2B9ED /* [CP] Embed Pods Frameworks */,
				459C210240D443FE32E38067 /* [CP] Copy Pods Resources */,
			);
			buildRules = (
			);
			dependencies = (
			);
			name = sataSwift;
			productName = sataSwift;
			productReference = A329777F1D537981000B8104 /* sataSwift.app */;
			productType = "com.apple.product-type.application";
		};
		A32977921D537982000B8104 /* sataSwiftTests */ = {
			isa = PBXNativeTarget;
			buildConfigurationList = A32977AA1D537982000B8104 /* Build configuration list for PBXNativeTarget "sataSwiftTests" */;
			buildPhases = (
				F50F16FDD997219AB08805A6 /* [CP] Check Pods Manifest.lock */,
				A329778F1D537982000B8104 /* Sources */,
				A32977901D537982000B8104 /* Frameworks */,
				A32977911D537982000B8104 /* Resources */,
				A93B9BCC8D862447FEDCBB72 /* [CP] Embed Pods Frameworks */,
				5301DAB54C7F5780BF607873 /* [CP] Copy Pods Resources */,
			);
			buildRules = (
			);
			dependencies = (
				A32977951D537982000B8104 /* PBXTargetDependency */,
			);
			name = sataSwiftTests;
			productName = sataSwiftTests;
			productReference = A32977931D537982000B8104 /* sataSwiftTests.xctest */;
			productType = "com.apple.product-type.bundle.unit-test";
		};
		A329779D1D537982000B8104 /* sataSwiftUITests */ = {
			isa = PBXNativeTarget;
			buildConfigurationList = A32977AD1D537982000B8104 /* Build configuration list for PBXNativeTarget "sataSwiftUITests" */;
			buildPhases = (
				0F314A18D288C026F893BE38 /* [CP] Check Pods Manifest.lock */,
				A329779A1D537982000B8104 /* Sources */,
				A329779B1D537982000B8104 /* Frameworks */,
				A329779C1D537982000B8104 /* Resources */,
				D4602B9EF2DF5F910EB8C3AD /* [CP] Copy Pods Resources */,
				BFB1D06F0182E19F6478DB05 /* [CP] Embed Pods Frameworks */,
			);
			buildRules = (
			);
			dependencies = (
				A32977A01D537982000B8104 /* PBXTargetDependency */,
			);
			name = sataSwiftUITests;
			productName = sataSwiftUITests;
			productReference = A329779E1D537982000B8104 /* sataSwiftUITests.xctest */;
			productType = "com.apple.product-type.bundle.ui-testing";
		};
/* End PBXNativeTarget section */

/* Begin PBXProject section */
		A32977771D537981000B8104 /* Project object */ = {
			isa = PBXProject;
			attributes = {
				LastSwiftUpdateCheck = 0730;
				LastUpgradeCheck = 0810;
				ORGANIZATIONNAME = "Sunny Thakkar";
				TargetAttributes = {
					A329777E1D537981000B8104 = {
						CreatedOnToolsVersion = 7.3;
						DevelopmentTeam = R8E7H24DXD;
						LastSwiftMigration = 0800;
					};
					A32977921D537982000B8104 = {
						CreatedOnToolsVersion = 7.3;
						LastSwiftMigration = 0800;
						TestTargetID = A329777E1D537981000B8104;
					};
					A329779D1D537982000B8104 = {
						CreatedOnToolsVersion = 7.3;
						LastSwiftMigration = 0800;
						TestTargetID = A329777E1D537981000B8104;
					};
				};
			};
			buildConfigurationList = A329777A1D537981000B8104 /* Build configuration list for PBXProject "sataSwift" */;
			compatibilityVersion = "Xcode 3.2";
			developmentRegion = English;
			hasScannedForEncodings = 0;
			knownRegions = (
				en,
				Base,
			);
			mainGroup = A32977761D537981000B8104;
			productRefGroup = A32977801D537982000B8104 /* Products */;
			projectDirPath = "";
			projectRoot = "";
			targets = (
				A329777E1D537981000B8104 /* sataSwift */,
				A32977921D537982000B8104 /* sataSwiftTests */,
				A329779D1D537982000B8104 /* sataSwiftUITests */,
			);
		};
/* End PBXProject section */

/* Begin PBXResourcesBuildPhase section */
		A329777D1D537981000B8104 /* Resources */ = {
			isa = PBXResourcesBuildPhase;
			buildActionMask = 2147483647;
			files = (
				A3983B1A1DC765D70079B01F /* loginViewController.xib in Resources */,
				A329778D1D537982000B8104 /* LaunchScreen.storyboard in Resources */,
				A329778A1D537982000B8104 /* Assets.xcassets in Resources */,
				A32977881D537982000B8104 /* Main.storyboard in Resources */,
				A3BCB7201DCB3BE7004004B4 /* profileViewController.xib in Resources */,
			);
			runOnlyForDeploymentPostprocessing = 0;
		};
		A32977911D537982000B8104 /* Resources */ = {
			isa = PBXResourcesBuildPhase;
			buildActionMask = 2147483647;
			files = (
			);
			runOnlyForDeploymentPostprocessing = 0;
		};
		A329779C1D537982000B8104 /* Resources */ = {
			isa = PBXResourcesBuildPhase;
			buildActionMask = 2147483647;
			files = (
			);
			runOnlyForDeploymentPostprocessing = 0;
		};
/* End PBXResourcesBuildPhase section */

/* Begin PBXShellScriptBuildPhase section */
		0F314A18D288C026F893BE38 /* [CP] Check Pods Manifest.lock */ = {
			isa = PBXShellScriptBuildPhase;
			buildActionMask = 2147483647;
			files = (
			);
			inputPaths = (
			);
			name = "[CP] Check Pods Manifest.lock";
			outputPaths = (
			);
			runOnlyForDeploymentPostprocessing = 0;
			shellPath = /bin/sh;
			shellScript = "diff \"${PODS_ROOT}/../Podfile.lock\" \"${PODS_ROOT}/Manifest.lock\" > /dev/null\nif [ $? != 0 ] ; then\n    # print error to STDERR\n    echo \"error: The sandbox is not in sync with the Podfile.lock. Run 'pod install' or update your CocoaPods installation.\" >&2\n    exit 1\nfi\n";
			showEnvVarsInLog = 0;
		};
		459C210240D443FE32E38067 /* [CP] Copy Pods Resources */ = {
			isa = PBXShellScriptBuildPhase;
			buildActionMask = 2147483647;
			files = (
			);
			inputPaths = (
			);
			name = "[CP] Copy Pods Resources";
			outputPaths = (
			);
			runOnlyForDeploymentPostprocessing = 0;
			shellPath = /bin/sh;
			shellScript = "\"${SRCROOT}/Pods/Target Support Files/Pods-sataSwift/Pods-sataSwift-resources.sh\"\n";
			showEnvVarsInLog = 0;
		};
		4B1996ED2D48C88C047192B8 /* [CP] Check Pods Manifest.lock */ = {
			isa = PBXShellScriptBuildPhase;
			buildActionMask = 2147483647;
			files = (
			);
			inputPaths = (
			);
			name = "[CP] Check Pods Manifest.lock";
			outputPaths = (
			);
			runOnlyForDeploymentPostprocessing = 0;
			shellPath = /bin/sh;
			shellScript = "diff \"${PODS_ROOT}/../Podfile.lock\" \"${PODS_ROOT}/Manifest.lock\" > /dev/null\nif [ $? != 0 ] ; then\n    # print error to STDERR\n    echo \"error: The sandbox is not in sync with the Podfile.lock. Run 'pod install' or update your CocoaPods installation.\" >&2\n    exit 1\nfi\n";
			showEnvVarsInLog = 0;
		};
		5301DAB54C7F5780BF607873 /* [CP] Copy Pods Resources */ = {
			isa = PBXShellScriptBuildPhase;
			buildActionMask = 2147483647;
			files = (
			);
			inputPaths = (
			);
			name = "[CP] Copy Pods Resources";
			outputPaths = (
			);
			runOnlyForDeploymentPostprocessing = 0;
			shellPath = /bin/sh;
			shellScript = "\"${SRCROOT}/Pods/Target Support Files/Pods-sataSwiftTests/Pods-sataSwiftTests-resources.sh\"\n";
			showEnvVarsInLog = 0;
		};
		A93B9BCC8D862447FEDCBB72 /* [CP] Embed Pods Frameworks */ = {
			isa = PBXShellScriptBuildPhase;
			buildActionMask = 2147483647;
			files = (
			);
			inputPaths = (
			);
			name = "[CP] Embed Pods Frameworks";
			outputPaths = (
			);
			runOnlyForDeploymentPostprocessing = 0;
			shellPath = /bin/sh;
			shellScript = "\"${SRCROOT}/Pods/Target Support Files/Pods-sataSwiftTests/Pods-sataSwiftTests-frameworks.sh\"\n";
			showEnvVarsInLog = 0;
		};
		BFB1D06F0182E19F6478DB05 /* [CP] Embed Pods Frameworks */ = {
			isa = PBXShellScriptBuildPhase;
			buildActionMask = 2147483647;
			files = (
			);
			inputPaths = (
			);
			name = "[CP] Embed Pods Frameworks";
			outputPaths = (
			);
			runOnlyForDeploymentPostprocessing = 0;
			shellPath = /bin/sh;
			shellScript = "\"${SRCROOT}/Pods/Target Support Files/Pods-sataSwiftUITests/Pods-sataSwiftUITests-frameworks.sh\"\n";
			showEnvVarsInLog = 0;
		};
		BFB7D51831949F8558B2B9ED /* [CP] Embed Pods Frameworks */ = {
			isa = PBXShellScriptBuildPhase;
			buildActionMask = 2147483647;
			files = (
			);
			inputPaths = (
			);
			name = "[CP] Embed Pods Frameworks";
			outputPaths = (
			);
			runOnlyForDeploymentPostprocessing = 0;
			shellPath = /bin/sh;
			shellScript = "\"${SRCROOT}/Pods/Target Support Files/Pods-sataSwift/Pods-sataSwift-frameworks.sh\"\n";
			showEnvVarsInLog = 0;
		};
		D4602B9EF2DF5F910EB8C3AD /* [CP] Copy Pods Resources */ = {
			isa = PBXShellScriptBuildPhase;
			buildActionMask = 2147483647;
			files = (
			);
			inputPaths = (
			);
			name = "[CP] Copy Pods Resources";
			outputPaths = (
			);
			runOnlyForDeploymentPostprocessing = 0;
			shellPath = /bin/sh;
			shellScript = "\"${SRCROOT}/Pods/Target Support Files/Pods-sataSwiftUITests/Pods-sataSwiftUITests-resources.sh\"\n";
			showEnvVarsInLog = 0;
		};
		F50F16FDD997219AB08805A6 /* [CP] Check Pods Manifest.lock */ = {
			isa = PBXShellScriptBuildPhase;
			buildActionMask = 2147483647;
			files = (
			);
			inputPaths = (
			);
			name = "[CP] Check Pods Manifest.lock";
			outputPaths = (
			);
			runOnlyForDeploymentPostprocessing = 0;
			shellPath = /bin/sh;
			shellScript = "diff \"${PODS_ROOT}/../Podfile.lock\" \"${PODS_ROOT}/Manifest.lock\" > /dev/null\nif [ $? != 0 ] ; then\n    # print error to STDERR\n    echo \"error: The sandbox is not in sync with the Podfile.lock. Run 'pod install' or update your CocoaPods installation.\" >&2\n    exit 1\nfi\n";
			showEnvVarsInLog = 0;
		};
/* End PBXShellScriptBuildPhase section */

/* Begin PBXSourcesBuildPhase section */
		A329777B1D537981000B8104 /* Sources */ = {
			isa = PBXSourcesBuildPhase;
			buildActionMask = 2147483647;
			files = (
				A3DB76671D55C634000B01D8 /* sataPost.swift in Sources */,
				A3AB2B181D61ED9600C3E443 /* showPostDetialsTableViewController.swift in Sources */,
				A3DB766B1D57446D000B01D8 /* showListOFPostsTableViewController.swift in Sources */,
				A32977851D537982000B8104 /* ViewController.swift in Sources */,
				A3DB76691D574349000B01D8 /* createPostViewController.swift in Sources */,
				A32977831D537982000B8104 /* AppDelegate.swift in Sources */,
				A37F5FF51D54CEBC00433435 /* MyCollectionViewCell.swift in Sources */,
				A3AB2B1A1D6333D500C3E443 /* ImageGalleryView.swift in Sources */,
				A3BCB71F1DCB3BE7004004B4 /* profileViewController.swift in Sources */,
				A3983B191DC765D70079B01F /* loginViewController.swift in Sources */,
			);
			runOnlyForDeploymentPostprocessing = 0;
		};
		A329778F1D537982000B8104 /* Sources */ = {
			isa = PBXSourcesBuildPhase;
			buildActionMask = 2147483647;
			files = (
				A32977981D537982000B8104 /* sataSwiftTests.swift in Sources */,
			);
			runOnlyForDeploymentPostprocessing = 0;
		};
		A329779A1D537982000B8104 /* Sources */ = {
			isa = PBXSourcesBuildPhase;
			buildActionMask = 2147483647;
			files = (
				A32977A31D537982000B8104 /* sataSwiftUITests.swift in Sources */,
			);
			runOnlyForDeploymentPostprocessing = 0;
		};
/* End PBXSourcesBuildPhase section */

/* Begin PBXTargetDependency section */
		A32977951D537982000B8104 /* PBXTargetDependency */ = {
			isa = PBXTargetDependency;
			target = A329777E1D537981000B8104 /* sataSwift */;
			targetProxy = A32977941D537982000B8104 /* PBXContainerItemProxy */;
		};
		A32977A01D537982000B8104 /* PBXTargetDependency */ = {
			isa = PBXTargetDependency;
			target = A329777E1D537981000B8104 /* sataSwift */;
			targetProxy = A329779F1D537982000B8104 /* PBXContainerItemProxy */;
		};
/* End PBXTargetDependency section */

/* Begin PBXVariantGroup section */
		A32977861D537982000B8104 /* Main.storyboard */ = {
			isa = PBXVariantGroup;
			children = (
				A32977871D537982000B8104 /* Base */,
			);
			name = Main.storyboard;
			sourceTree = "<group>";
		};
		A329778B1D537982000B8104 /* LaunchScreen.storyboard */ = {
			isa = PBXVariantGroup;
			children = (
				A329778C1D537982000B8104 /* Base */,
			);
			name = LaunchScreen.storyboard;
			sourceTree = "<group>";
		};
/* End PBXVariantGroup section */

/* Begin XCBuildConfiguration section */
		A32977A51D537982000B8104 /* Debug */ = {
			isa = XCBuildConfiguration;
			buildSettings = {
				ALWAYS_SEARCH_USER_PATHS = NO;
				CLANG_ANALYZER_NONNULL = YES;
				CLANG_CXX_LANGUAGE_STANDARD = "gnu++0x";
				CLANG_CXX_LIBRARY = "libc++";
				CLANG_ENABLE_MODULES = YES;
				CLANG_ENABLE_OBJC_ARC = YES;
				CLANG_WARN_BOOL_CONVERSION = YES;
				CLANG_WARN_CONSTANT_CONVERSION = YES;
				CLANG_WARN_DIRECT_OBJC_ISA_USAGE = YES_ERROR;
				CLANG_WARN_EMPTY_BODY = YES;
				CLANG_WARN_ENUM_CONVERSION = YES;
				CLANG_WARN_INFINITE_RECURSION = YES;
				CLANG_WARN_INT_CONVERSION = YES;
				CLANG_WARN_OBJC_ROOT_CLASS = YES_ERROR;
				CLANG_WARN_SUSPICIOUS_MOVE = YES;
				CLANG_WARN_UNREACHABLE_CODE = YES;
				CLANG_WARN__DUPLICATE_METHOD_MATCH = YES;
				"CODE_SIGN_IDENTITY[sdk=iphoneos*]" = "iPhone Developer";
				COPY_PHASE_STRIP = NO;
				DEBUG_INFORMATION_FORMAT = dwarf;
				ENABLE_STRICT_OBJC_MSGSEND = YES;
				ENABLE_TESTABILITY = YES;
				GCC_C_LANGUAGE_STANDARD = gnu99;
				GCC_DYNAMIC_NO_PIC = NO;
				GCC_NO_COMMON_BLOCKS = YES;
				GCC_OPTIMIZATION_LEVEL = 0;
				GCC_PREPROCESSOR_DEFINITIONS = (
					"DEBUG=1",
					"$(inherited)",
				);
				GCC_WARN_64_TO_32_BIT_CONVERSION = YES;
				GCC_WARN_ABOUT_RETURN_TYPE = YES_ERROR;
				GCC_WARN_UNDECLARED_SELECTOR = YES;
				GCC_WARN_UNINITIALIZED_AUTOS = YES_AGGRESSIVE;
				GCC_WARN_UNUSED_FUNCTION = YES;
				GCC_WARN_UNUSED_VARIABLE = YES;
				IPHONEOS_DEPLOYMENT_TARGET = 9.3;
				MTL_ENABLE_DEBUG_INFO = YES;
				ONLY_ACTIVE_ARCH = YES;
				SDKROOT = iphoneos;
				SWIFT_OPTIMIZATION_LEVEL = "-Onone";
				TARGETED_DEVICE_FAMILY = "1,2";
			};
			name = Debug;
		};
		A32977A61D537982000B8104 /* Release */ = {
			isa = XCBuildConfiguration;
			buildSettings = {
				ALWAYS_SEARCH_USER_PATHS = NO;
				CLANG_ANALYZER_NONNULL = YES;
				CLANG_CXX_LANGUAGE_STANDARD = "gnu++0x";
				CLANG_CXX_LIBRARY = "libc++";
				CLANG_ENABLE_MODULES = YES;
				CLANG_ENABLE_OBJC_ARC = YES;
				CLANG_WARN_BOOL_CONVERSION = YES;
				CLANG_WARN_CONSTANT_CONVERSION = YES;
				CLANG_WARN_DIRECT_OBJC_ISA_USAGE = YES_ERROR;
				CLANG_WARN_EMPTY_BODY = YES;
				CLANG_WARN_ENUM_CONVERSION = YES;
				CLANG_WARN_INFINITE_RECURSION = YES;
				CLANG_WARN_INT_CONVERSION = YES;
				CLANG_WARN_OBJC_ROOT_CLASS = YES_ERROR;
				CLANG_WARN_SUSPICIOUS_MOVE = YES;
				CLANG_WARN_UNREACHABLE_CODE = YES;
				CLANG_WARN__DUPLICATE_METHOD_MATCH = YES;
				"CODE_SIGN_IDENTITY[sdk=iphoneos*]" = "iPhone Developer";
				COPY_PHASE_STRIP = NO;
				DEBUG_INFORMATION_FORMAT = "dwarf-with-dsym";
				ENABLE_NS_ASSERTIONS = NO;
				ENABLE_STRICT_OBJC_MSGSEND = YES;
				GCC_C_LANGUAGE_STANDARD = gnu99;
				GCC_NO_COMMON_BLOCKS = YES;
				GCC_WARN_64_TO_32_BIT_CONVERSION = YES;
				GCC_WARN_ABOUT_RETURN_TYPE = YES_ERROR;
				GCC_WARN_UNDECLARED_SELECTOR = YES;
				GCC_WARN_UNINITIALIZED_AUTOS = YES_AGGRESSIVE;
				GCC_WARN_UNUSED_FUNCTION = YES;
				GCC_WARN_UNUSED_VARIABLE = YES;
				IPHONEOS_DEPLOYMENT_TARGET = 9.3;
				MTL_ENABLE_DEBUG_INFO = NO;
				SDKROOT = iphoneos;
				SWIFT_OPTIMIZATION_LEVEL = "-Owholemodule";
				TARGETED_DEVICE_FAMILY = "1,2";
				VALIDATE_PRODUCT = YES;
			};
			name = Release;
		};
		A32977A81D537982000B8104 /* Debug */ = {
			isa = XCBuildConfiguration;
			baseConfigurationReference = DC1682D3283E4F9393378525 /* Pods-sataSwift.debug.xcconfig */;
			buildSettings = {
				ASSETCATALOG_COMPILER_APPICON_NAME = AppIcon;
				DEVELOPMENT_TEAM = R8E7H24DXD;
				INFOPLIST_FILE = sataSwift/Info.plist;
				LD_RUNPATH_SEARCH_PATHS = "$(inherited) @executable_path/Frameworks";
				PRODUCT_BUNDLE_IDENTIFIER = appsai.sataSwift;
				PRODUCT_NAME = "$(TARGET_NAME)";
				SWIFT_VERSION = 2.3;
				TARGETED_DEVICE_FAMILY = 1;
			};
			name = Debug;
		};
		A32977A91D537982000B8104 /* Release */ = {
			isa = XCBuildConfiguration;
			baseConfigurationReference = 97457AA1A60E4DCE6EB5B2B1 /* Pods-sataSwift.release.xcconfig */;
			buildSettings = {
				ASSETCATALOG_COMPILER_APPICON_NAME = AppIcon;
				DEVELOPMENT_TEAM = R8E7H24DXD;
				INFOPLIST_FILE = sataSwift/Info.plist;
				LD_RUNPATH_SEARCH_PATHS = "$(inherited) @executable_path/Frameworks";
				PRODUCT_BUNDLE_IDENTIFIER = appsai.sataSwift;
				PRODUCT_NAME = "$(TARGET_NAME)";
				SWIFT_VERSION = 2.3;
				TARGETED_DEVICE_FAMILY = 1;
			};
			name = Release;
		};
		A32977AB1D537982000B8104 /* Debug */ = {
			isa = XCBuildConfiguration;
			baseConfigurationReference = A047C1400689A41D585B24B9 /* Pods-sataSwiftTests.debug.xcconfig */;
			buildSettings = {
				BUNDLE_LOADER = "$(TEST_HOST)";
				INFOPLIST_FILE = sataSwiftTests/Info.plist;
				LD_RUNPATH_SEARCH_PATHS = "$(inherited) @executable_path/Frameworks @loader_path/Frameworks";
				PRODUCT_BUNDLE_IDENTIFIER = appsai.sataSwiftTests;
				PRODUCT_NAME = "$(TARGET_NAME)";
				SWIFT_VERSION = 2.3;
				TEST_HOST = "$(BUILT_PRODUCTS_DIR)/sataSwift.app/sataSwift";
			};
			name = Debug;
		};
		A32977AC1D537982000B8104 /* Release */ = {
			isa = XCBuildConfiguration;
			baseConfigurationReference = 67D5E20577E943A3E4E27141 /* Pods-sataSwiftTests.release.xcconfig */;
			buildSettings = {
				BUNDLE_LOADER = "$(TEST_HOST)";
				INFOPLIST_FILE = sataSwiftTests/Info.plist;
				LD_RUNPATH_SEARCH_PATHS = "$(inherited) @executable_path/Frameworks @loader_path/Frameworks";
				PRODUCT_BUNDLE_IDENTIFIER = appsai.sataSwiftTests;
				PRODUCT_NAME = "$(TARGET_NAME)";
				SWIFT_VERSION = 2.3;
				TEST_HOST = "$(BUILT_PRODUCTS_DIR)/sataSwift.app/sataSwift";
			};
			name = Release;
		};
		A32977AE1D537982000B8104 /* Debug */ = {
			isa = XCBuildConfiguration;
			baseConfigurationReference = 6EDFBE417EB05713B1AFF0F5 /* Pods-sataSwiftUITests.debug.xcconfig */;
			buildSettings = {
				INFOPLIST_FILE = sataSwiftUITests/Info.plist;
				LD_RUNPATH_SEARCH_PATHS = "$(inherited) @executable_path/Frameworks @loader_path/Frameworks";
				PRODUCT_BUNDLE_IDENTIFIER = appsai.sataSwiftUITests;
				PRODUCT_NAME = "$(TARGET_NAME)";
				SWIFT_VERSION = 2.3;
				TEST_TARGET_NAME = sataSwift;
			};
			name = Debug;
		};
		A32977AF1D537982000B8104 /* Release */ = {
			isa = XCBuildConfiguration;
			baseConfigurationReference = 778A425A352F33D3FCD0CFB0 /* Pods-sataSwiftUITests.release.xcconfig */;
			buildSettings = {
				INFOPLIST_FILE = sataSwiftUITests/Info.plist;
				LD_RUNPATH_SEARCH_PATHS = "$(inherited) @executable_path/Frameworks @loader_path/Frameworks";
				PRODUCT_BUNDLE_IDENTIFIER = appsai.sataSwiftUITests;
				PRODUCT_NAME = "$(TARGET_NAME)";
				SWIFT_VERSION = 2.3;
				TEST_TARGET_NAME = sataSwift;
			};
			name = Release;
		};
/* End XCBuildConfiguration section */

/* Begin XCConfigurationList section */
		A329777A1D537981000B8104 /* Build configuration list for PBXProject "sataSwift" */ = {
			isa = XCConfigurationList;
			buildConfigurations = (
				A32977A51D537982000B8104 /* Debug */,
				A32977A61D537982000B8104 /* Release */,
			);
			defaultConfigurationIsVisible = 0;
			defaultConfigurationName = Release;
		};
		A32977A71D537982000B8104 /* Build configuration list for PBXNativeTarget "sataSwift" */ = {
			isa = XCConfigurationList;
			buildConfigurations = (
				A32977A81D537982000B8104 /* Debug */,
				A32977A91D537982000B8104 /* Release */,
			);
			defaultConfigurationIsVisible = 0;
			defaultConfigurationName = Release;
		};
		A32977AA1D537982000B8104 /* Build configuration list for PBXNativeTarget "sataSwiftTests" */ = {
			isa = XCConfigurationList;
			buildConfigurations = (
				A32977AB1D537982000B8104 /* Debug */,
				A32977AC1D537982000B8104 /* Release */,
			);
			defaultConfigurationIsVisible = 0;
			defaultConfigurationName = Release;
		};
		A32977AD1D537982000B8104 /* Build configuration list for PBXNativeTarget "sataSwiftUITests" */ = {
			isa = XCConfigurationList;
			buildConfigurations = (
				A32977AE1D537982000B8104 /* Debug */,
				A32977AF1D537982000B8104 /* Release */,
			);
			defaultConfigurationIsVisible = 0;
			defaultConfigurationName = Release;
		};
/* End XCConfigurationList section */
	};
	rootObject = A32977771D537981000B8104 /* Project object */;
}
